
Microsoft Visual Studio Solution File, Format Version 12.00
# Visual Studio Version 17
VisualStudioVersion = 17.1.32210.238
MinimumVisualStudioVersion = 10.0.40219.1
Project("{FAE04EC0-301F-11D3-BF4B-00C04F79EFBC}") = "Cerberus-UI", "Cerberus-UI\Cerberus-UI.csproj", "{4629788A-80FC-43D4-8F2A-B309C0CFA3E6}"
EndProject
Global
	GlobalSection(SolutionConfigurationPlatforms) = preSolution
		Debug|Any CPU = Debug|Any CPU
		Release|Any CPU = Release|Any CPU
	EndGlobalSection
	GlobalSection(ProjectConfigurationPlatforms) = postSolution
		{4629788A-80FC-43D4-8F2A-B309C0CFA3E6}.Debug|Any CPU.ActiveCfg = Debug|Any CPU
		{4629788A-80FC-43D4-8F2A-B309C0CFA3E6}.Debug|Any CPU.Build.0 = Debug|Any CPU
		{4629788A-80FC-43D4-8F2A-B309C0CFA3E6}.Release|Any CPU.ActiveCfg = Release|Any CPU
		{4629788A-80FC-43D4-8F2A-B309C0CFA3E6}.Release|Any CPU.Build.0 = Release|Any CPU
	EndGlobalSection
	GlobalSection(SolutionProperties) = preSolution
		HideSolutionNode = FALSE
	EndGlobalSection
	GlobalSection(ExtensibilityGlobals) = postSolution
		SolutionGuid = {0073847B-A55A-41E9-B88C-4E0DC74AC3FD}
	EndGlobalSection
EndGlobal
